
Microsoft Visual Studio Solution File, Format Version 12.00
# Visual Studio Version 18
VisualStudioVersion = 18.5.11716.220 stable
MinimumVisualStudioVersion = 10.0.40219.1
Project("{FAE04EC0-301F-11D3-BF4B-00C04F79EFBC}") = "DotNet8_Enterprise_CRUD", "DotNet8_Enterprise_CRUD.csproj", "{7626BD48-64BB-4BFE-4CAE-DB32E5D350F5}"
EndProject
Global
	GlobalSection(SolutionConfigurationPlatforms) = preSolution
		Debug|Any CPU = Debug|Any CPU
		Release|Any CPU = Release|Any CPU
	EndGlobalSection
	GlobalSection(ProjectConfigurationPlatforms) = postSolution
		{7626BD48-64BB-4BFE-4CAE-DB32E5D350F5}.Debug|Any CPU.ActiveCfg = Debug|Any CPU
		{7626BD48-64BB-4BFE-4CAE-DB32E5D350F5}.Debug|Any CPU.Build.0 = Debug|Any CPU
		{7626BD48-64BB-4BFE-4CAE-DB32E5D350F5}.Release|Any CPU.ActiveCfg = Release|Any CPU
		{7626BD48-64BB-4BFE-4CAE-DB32E5D350F5}.Release|Any CPU.Build.0 = Release|Any CPU
	EndGlobalSection
	GlobalSection(SolutionProperties) = preSolution
		HideSolutionNode = FALSE
	EndGlobalSection
	GlobalSection(ExtensibilityGlobals) = postSolution
		SolutionGuid = {DBDA499A-A7D0-4AEA-AD21-C9127ECD9E35}
	EndGlobalSection
EndGlobal
